
Microsoft Visual Studio Solution File, Format Version 12.00
# Visual Studio Version 17
VisualStudioVersion = 17.0.32112.339
MinimumVisualStudioVersion = 10.0.40219.1
Project("{9A19103F-16F7-4668-BE54-9A1E7A4F7556}") = "Deveel.Webhooks.Model", "src\Deveel.Webhooks.Model\Deveel.Webhooks.Model.csproj", "{9D710920-2A08-466C-94F0-3FD90E752A20}"
EndProject
Project("{9A19103F-16F7-4668-BE54-9A1E7A4F7556}") = "Deveel.Webhooks.XUnit", "test\Deveel.Events.Webhooks.XUnit\Deveel.Webhooks.XUnit.csproj", "{CF170566-4653-4E7A-AC54-5A1F7594B71F}"
EndProject
Project("{9A19103F-16F7-4668-BE54-9A1E7A4F7556}") = "Deveel.Webhooks", "src\Deveel.Webhooks\Deveel.Webhooks.csproj", "{6435EBAE-5E0A-446D-B4E4-D75FE89DFC99}"
EndProject
Project("{9A19103F-16F7-4668-BE54-9A1E7A4F7556}") = "Deveel.Webhooks.Service", "src\Deveel.Webhooks.Service\Deveel.Webhooks.Service.csproj", "{D2A74CD1-202E-4F64-BAD8-88F37EB3805A}"
EndProject
Project("{9A19103F-16F7-4668-BE54-9A1E7A4F7556}") = "Deveel.Webhooks.MongoDb", "src\Deveel.Webhooks.Service.MongoDb\Deveel.Webhooks.MongoDb.csproj", "{9796303D-5EFF-4942-A563-6B53C4FE6904}"
EndProject
Project("{9A19103F-16F7-4668-BE54-9A1E7A4F7556}") = "Deveel.Webhooks.Receiver.AspNetCore", "src\Deveel.Webhooks.Receiver.AspNetCore\Deveel.Webhooks.Receiver.AspNetCore.csproj", "{6E1CC992-53F1-4536-96C5-751C8AFBD015}"
EndProject
Project("{9A19103F-16F7-4668-BE54-9A1E7A4F7556}") = "Deveel.Webhooks.DynamicLinq", "src\Deveel.Webhooks.DynamicLinq\Deveel.Webhooks.DynamicLinq.csproj", "{69EA8584-6336-4A62-BE73-DE04DC6EE8E1}"
EndProject
Project("{2150E333-8FDC-42A3-9474-1A3956D46DE8}") = "src", "src", "{57F6404B-1FCC-473F-A189-ABC9D640CC0E}"
EndProject
Project("{2150E333-8FDC-42A3-9474-1A3956D46DE8}") = "test", "test", "{07F23FF6-2FE1-4072-BF37-9238E3750AA1}"
EndProject
Project("{9A19103F-16F7-4668-BE54-9A1E7A4F7556}") = "Deveel.Webhooks.Receiver.XUnit", "test\Deveel.Webhooks.Receiver.XUnit\Deveel.Webhooks.Receiver.XUnit.csproj", "{4BC8323C-74F7-407A-8A5A-EA595B5C5585}"
EndProject
Project("{9A19103F-16F7-4668-BE54-9A1E7A4F7556}") = "Deveel.Webhooks.Receiver.TestApi", "test\Deveel.Webhooks.Receiver.TestApi\Deveel.Webhooks.Receiver.TestApi.csproj", "{CBAC02DA-EFF9-4458-99A2-DAF7ACFE607F}"
EndProject
Project("{FAE04EC0-301F-11D3-BF4B-00C04F79EFBC}") = "Deveel.Webhooks.Receiver.AspNetCore.NewtonsoftJson", "src\Deveel.Webhooks.Receiver.AspNetCore.NewtonsoftJson\Deveel.Webhooks.Receiver.AspNetCore.NewtonsoftJson.csproj", "{F23E99C7-8228-4AEE-894B-CAA303686239}"
EndProject
Global
	GlobalSection(SolutionConfigurationPlatforms) = preSolution
		Debug|Any CPU = Debug|Any CPU
		Release|Any CPU = Release|Any CPU
	EndGlobalSection
	GlobalSection(ProjectConfigurationPlatforms) = postSolution
		{9D710920-2A08-466C-94F0-3FD90E752A20}.Debug|Any CPU.ActiveCfg = Debug|Any CPU
		{9D710920-2A08-466C-94F0-3FD90E752A20}.Debug|Any CPU.Build.0 = Debug|Any CPU
		{9D710920-2A08-466C-94F0-3FD90E752A20}.Release|Any CPU.ActiveCfg = Release|Any CPU
		{9D710920-2A08-466C-94F0-3FD90E752A20}.Release|Any CPU.Build.0 = Release|Any CPU
		{CF170566-4653-4E7A-AC54-5A1F7594B71F}.Debug|Any CPU.ActiveCfg = Debug|Any CPU
		{CF170566-4653-4E7A-AC54-5A1F7594B71F}.Debug|Any CPU.Build.0 = Debug|Any CPU
		{CF170566-4653-4E7A-AC54-5A1F7594B71F}.Release|Any CPU.ActiveCfg = Release|Any CPU
		{CF170566-4653-4E7A-AC54-5A1F7594B71F}.Release|Any CPU.Build.0 = Release|Any CPU
		{6435EBAE-5E0A-446D-B4E4-D75FE89DFC99}.Debug|Any CPU.ActiveCfg = Debug|Any CPU
		{6435EBAE-5E0A-446D-B4E4-D75FE89DFC99}.Debug|Any CPU.Build.0 = Debug|Any CPU
		{6435EBAE-5E0A-446D-B4E4-D75FE89DFC99}.Release|Any CPU.ActiveCfg = Release|Any CPU
		{6435EBAE-5E0A-446D-B4E4-D75FE89DFC99}.Release|Any CPU.Build.0 = Release|Any CPU
		{D2A74CD1-202E-4F64-BAD8-88F37EB3805A}.Debug|Any CPU.ActiveCfg = Debug|Any CPU
		{D2A74CD1-202E-4F64-BAD8-88F37EB3805A}.Debug|Any CPU.Build.0 = Debug|Any CPU
		{D2A74CD1-202E-4F64-BAD8-88F37EB3805A}.Release|Any CPU.ActiveCfg = Release|Any CPU
		{D2A74CD1-202E-4F64-BAD8-88F37EB3805A}.Release|Any CPU.Build.0 = Release|Any CPU
		{9796303D-5EFF-4942-A563-6B53C4FE6904}.Debug|Any CPU.ActiveCfg = Debug|Any CPU
		{9796303D-5EFF-4942-A563-6B53C4FE6904}.Debug|Any CPU.Build.0 = Debug|Any CPU
		{9796303D-5EFF-4942-A563-6B53C4FE6904}.Release|Any CPU.ActiveCfg = Release|Any CPU
		{9796303D-5EFF-4942-A563-6B53C4FE6904}.Release|Any CPU.Build.0 = Release|Any CPU
		{6E1CC992-53F1-4536-96C5-751C8AFBD015}.Debug|Any CPU.ActiveCfg = Debug|Any CPU
		{6E1CC992-53F1-4536-96C5-751C8AFBD015}.Debug|Any CPU.Build.0 = Debug|Any CPU
		{6E1CC992-53F1-4536-96C5-751C8AFBD015}.Release|Any CPU.ActiveCfg = Release|Any CPU
		{6E1CC992-53F1-4536-96C5-751C8AFBD015}.Release|Any CPU.Build.0 = Release|Any CPU
		{69EA8584-6336-4A62-BE73-DE04DC6EE8E1}.Debug|Any CPU.ActiveCfg = Debug|Any CPU
		{69EA8584-6336-4A62-BE73-DE04DC6EE8E1}.Debug|Any CPU.Build.0 = Debug|Any CPU
		{69EA8584-6336-4A62-BE73-DE04DC6EE8E1}.Release|Any CPU.ActiveCfg = Release|Any CPU
		{69EA8584-6336-4A62-BE73-DE04DC6EE8E1}.Release|Any CPU.Build.0 = Release|Any CPU
		{4BC8323C-74F7-407A-8A5A-EA595B5C5585}.Debug|Any CPU.ActiveCfg = Debug|Any CPU
		{4BC8323C-74F7-407A-8A5A-EA595B5C5585}.Debug|Any CPU.Build.0 = Debug|Any CPU
		{4BC8323C-74F7-407A-8A5A-EA595B5C5585}.Release|Any CPU.ActiveCfg = Release|Any CPU
		{4BC8323C-74F7-407A-8A5A-EA595B5C5585}.Release|Any CPU.Build.0 = Release|Any CPU
		{CBAC02DA-EFF9-4458-99A2-DAF7ACFE607F}.Debug|Any CPU.ActiveCfg = Debug|Any CPU
		{CBAC02DA-EFF9-4458-99A2-DAF7ACFE607F}.Debug|Any CPU.Build.0 = Debug|Any CPU
		{CBAC02DA-EFF9-4458-99A2-DAF7ACFE607F}.Release|Any CPU.ActiveCfg = Release|Any CPU
		{CBAC02DA-EFF9-4458-99A2-DAF7ACFE607F}.Release|Any CPU.Build.0 = Release|Any CPU
		{F23E99C7-8228-4AEE-894B-CAA303686239}.Debug|Any CPU.ActiveCfg = Debug|Any CPU
		{F23E99C7-8228-4AEE-894B-CAA303686239}.Debug|Any CPU.Build.0 = Debug|Any CPU
		{F23E99C7-8228-4AEE-894B-CAA303686239}.Release|Any CPU.ActiveCfg = Release|Any CPU
		{F23E99C7-8228-4AEE-894B-CAA303686239}.Release|Any CPU.Build.0 = Release|Any CPU
	EndGlobalSection
	GlobalSection(SolutionProperties) = preSolution
		HideSolutionNode = FALSE
	EndGlobalSection
	GlobalSection(NestedProjects) = preSolution
		{9D710920-2A08-466C-94F0-3FD90E752A20} = {57F6404B-1FCC-473F-A189-ABC9D640CC0E}
		{CF170566-4653-4E7A-AC54-5A1F7594B71F} = {07F23FF6-2FE1-4072-BF37-9238E3750AA1}
		{6435EBAE-5E0A-446D-B4E4-D75FE89DFC99} = {57F6404B-1FCC-473F-A189-ABC9D640CC0E}
		{D2A74CD1-202E-4F64-BAD8-88F37EB3805A} = {57F6404B-1FCC-473F-A189-ABC9D640CC0E}
		{9796303D-5EFF-4942-A563-6B53C4FE6904} = {57F6404B-1FCC-473F-A189-ABC9D640CC0E}
		{6E1CC992-53F1-4536-96C5-751C8AFBD015} = {57F6404B-1FCC-473F-A189-ABC9D640CC0E}
		{69EA8584-6336-4A62-BE73-DE04DC6EE8E1} = {57F6404B-1FCC-473F-A189-ABC9D640CC0E}
		{4BC8323C-74F7-407A-8A5A-EA595B5C5585} = {07F23FF6-2FE1-4072-BF37-9238E3750AA1}
		{CBAC02DA-EFF9-4458-99A2-DAF7ACFE607F} = {07F23FF6-2FE1-4072-BF37-9238E3750AA1}
		{F23E99C7-8228-4AEE-894B-CAA303686239} = {57F6404B-1FCC-473F-A189-ABC9D640CC0E}
	EndGlobalSection
	GlobalSection(ExtensibilityGlobals) = postSolution
		SolutionGuid = {E682A9F5-43D7-4D4C-82EA-953545B8F4DE}
	EndGlobalSection
EndGlobal
