
Microsoft Visual Studio Solution File, Format Version 12.00
# Visual Studio Version 17
VisualStudioVersion = 17.0.32112.339
MinimumVisualStudioVersion = 10.0.40219.1
Project("{9A19103F-16F7-4668-BE54-9A1E7A4F7556}") = "Deveel.Webhooks.Model", "src\Deveel.Webhooks.Model\Deveel.Webhooks.Model.csproj", "{9D710920-2A08-466C-94F0-3FD90E752A20}"
EndProject
Project("{9A19103F-16F7-4668-BE54-9A1E7A4F7556}") = "Deveel.Webhooks", "src\Deveel.Webhooks\Deveel.Webhooks.csproj", "{6435EBAE-5E0A-446D-B4E4-D75FE89DFC99}"
EndProject
Project("{9A19103F-16F7-4668-BE54-9A1E7A4F7556}") = "Deveel.Webhooks.Service", "src\Deveel.Webhooks.Service\Deveel.Webhooks.Service.csproj", "{D2A74CD1-202E-4F64-BAD8-88F37EB3805A}"
EndProject
Project("{9A19103F-16F7-4668-BE54-9A1E7A4F7556}") = "Deveel.Webhooks.MongoDb", "src\Deveel.Webhooks.Service.MongoDb\Deveel.Webhooks.MongoDb.csproj", "{9796303D-5EFF-4942-A563-6B53C4FE6904}"
EndProject
Project("{9A19103F-16F7-4668-BE54-9A1E7A4F7556}") = "Deveel.Webhooks.Receiver.AspNetCore", "src\Deveel.Webhooks.Receiver.AspNetCore\Deveel.Webhooks.Receiver.AspNetCore.csproj", "{6E1CC992-53F1-4536-96C5-751C8AFBD015}"
EndProject
Project("{9A19103F-16F7-4668-BE54-9A1E7A4F7556}") = "Deveel.Webhooks.DynamicLinq", "src\Deveel.Webhooks.DynamicLinq\Deveel.Webhooks.DynamicLinq.csproj", "{69EA8584-6336-4A62-BE73-DE04DC6EE8E1}"
EndProject
Project("{2150E333-8FDC-42A3-9474-1A3956D46DE8}") = "src", "src", "{57F6404B-1FCC-473F-A189-ABC9D640CC0E}"
	ProjectSection(SolutionItems) = preProject
		src\Directory.Build.props = src\Directory.Build.props
	EndProjectSection
EndProject
Project("{2150E333-8FDC-42A3-9474-1A3956D46DE8}") = "test", "test", "{07F23FF6-2FE1-4072-BF37-9238E3750AA1}"
	ProjectSection(SolutionItems) = preProject
		test\Directory.Build.props = test\Directory.Build.props
	EndProjectSection
EndProject
Project("{9A19103F-16F7-4668-BE54-9A1E7A4F7556}") = "Deveel.Webhooks.Receiver.XUnit", "test\Deveel.Webhooks.Receiver.XUnit\Deveel.Webhooks.Receiver.XUnit.csproj", "{4BC8323C-74F7-407A-8A5A-EA595B5C5585}"
EndProject
Project("{9A19103F-16F7-4668-BE54-9A1E7A4F7556}") = "Deveel.Webhooks.Receiver.AspNetCore.NewtonsoftJson", "src\Deveel.Webhooks.Receiver.AspNetCore.NewtonsoftJson\Deveel.Webhooks.Receiver.AspNetCore.NewtonsoftJson.csproj", "{F23E99C7-8228-4AEE-894B-CAA303686239}"
EndProject
Project("{9A19103F-16F7-4668-BE54-9A1E7A4F7556}") = "Deveel.Webhooks.Sender", "src\Deveel.Webhooks.Sender\Deveel.Webhooks.Sender.csproj", "{1DCF1C21-75A9-4119-92EE-7B639B6F75A8}"
EndProject
Project("{9A19103F-16F7-4668-BE54-9A1E7A4F7556}") = "Deveel.Webhooks.Sender.XUnit", "test\Deveel.Webhooks.Sender.XUnit\Deveel.Webhooks.Sender.XUnit.csproj", "{BFEB625F-8667-44FC-AFD8-0777ED99E0D8}"
EndProject
Project("{9A19103F-16F7-4668-BE54-9A1E7A4F7556}") = "Deveel.Webhooks.Sender.NewtonsoftJson", "src\Deveel.Webhooks.Sender.NewtonsoftJson\Deveel.Webhooks.Sender.NewtonsoftJson.csproj", "{6A04D831-545F-4EFA-B1F7-2BD0B0A58DF6}"
EndProject
Project("{9A19103F-16F7-4668-BE54-9A1E7A4F7556}") = "Deveel.Webhooks.Signers", "src\Deveel.Webhooks.Signers\Deveel.Webhooks.Signers.csproj", "{6D6057E9-117F-4B13-80E7-4C18B3905AEB}"
EndProject
Project("{9A19103F-16F7-4668-BE54-9A1E7A4F7556}") = "Deveel.Webhooks.MongoDb.XUnit", "test\Deveel.Webhooks.MongoDb.XUnit\Deveel.Webhooks.MongoDb.XUnit.csproj", "{D61BAD7A-7B8A-4413-A0D0-8F52EE81A0B0}"
EndProject
Project("{9A19103F-16F7-4668-BE54-9A1E7A4F7556}") = "Deveel.Webhooks.DynamicLinq.XUnit", "test\Deveel.Webhooks.DynamicLinq.XUnit\Deveel.Webhooks.DynamicLinq.XUnit.csproj", "{A220DFA9-28DA-434F-AF49-7E237B1DEF30}"
EndProject
Project("{2150E333-8FDC-42A3-9474-1A3956D46DE8}") = "samples", "samples", "{65A317B9-C8E2-4055-96A0-E6195881BD95}"
EndProject
Project("{9A19103F-16F7-4668-BE54-9A1E7A4F7556}") = "WebhookReceiverApp", "samples\WebhookReceiverApp\WebhookReceiverApp.csproj", "{DFAEC929-860E-4DE1-86C7-C91F3CAD0FA6}"
EndProject
Project("{9A19103F-16F7-4668-BE54-9A1E7A4F7556}") = "WebhookReceiverApp.MinimalApi", "samples\WebhookReceiverApp.MinimalApi\WebhookReceiverApp.MinimalApi.csproj", "{7813C673-82F7-496D-9671-B2654E1A1C9E}"
EndProject
Project("{9A19103F-16F7-4668-BE54-9A1E7A4F7556}") = "WebhookNotifierApp", "samples\WebhookNotifierApp\WebhookNotifierApp.csproj", "{7F2D88F5-10C8-4523-A629-2187F511C2AF}"
EndProject
Project("{9A19103F-16F7-4668-BE54-9A1E7A4F7556}") = "Deveel.Webhooks.Receiver.Facebook.XUnit", "test\Deveel.Webhooks.Receiver.Facebook.XUnit\Deveel.Webhooks.Receiver.Facebook.XUnit.csproj", "{E6C7729D-6E82-410F-B16E-B6E384A97E0D}"
EndProject
Project("{9A19103F-16F7-4668-BE54-9A1E7A4F7556}") = "Deveel.Webhooks.Receiver.Facebook", "src\Deveel.Webhooks.Receiver.Facebook\Deveel.Webhooks.Receiver.Facebook.csproj", "{4873EAA6-19AC-4DD2-BA37-DEF99E2FB4AE}"
EndProject
Project("{9A19103F-16F7-4668-BE54-9A1E7A4F7556}") = "Deveel.Webhooks.Receiver.Tests", "test\Deveel.Webhooks.Receiver.Tests\Deveel.Webhooks.Receiver.Tests.csproj", "{77C65E02-B3B4-4665-B31C-83DAB437BAC7}"
EndProject
Project("{9A19103F-16F7-4668-BE54-9A1E7A4F7556}") = "Deveel.Webhooks.Receiver.Twilio", "src\Deveel.Webhooks.Receiver.Twilio\Deveel.Webhooks.Receiver.Twilio.csproj", "{93064573-8270-469B-8592-4485845C8BCB}"
EndProject
Project("{9A19103F-16F7-4668-BE54-9A1E7A4F7556}") = "Deveel.Webhooks.Receiver.Twilio.XUnit", "test\Deveel.Webhooks.Receiver.Twilio.XUnit\Deveel.Webhooks.Receiver.Twilio.XUnit.csproj", "{416B6496-0170-45CB-99A6-9AE2BA3D7FDC}"
EndProject
Project("{9A19103F-16F7-4668-BE54-9A1E7A4F7556}") = "Deveel.Webhooks.Receiver.SendGrid", "src\Deveel.Webhooks.Receiver.SendGrid\Deveel.Webhooks.Receiver.SendGrid.csproj", "{1ABBB6ED-17CC-49BF-A50F-F13E137029A5}"
EndProject
Project("{9A19103F-16F7-4668-BE54-9A1E7A4F7556}") = "Deveel.Webhooks.Receiver.NewtonsoftJson.XUnit", "test\Deveel.Webhooks.Receiver.NewtonsoftJson.XUnit\Deveel.Webhooks.Receiver.NewtonsoftJson.XUnit.csproj", "{47DFE1D1-57F0-4EFC-A9AC-9C12A791AEB7}"
EndProject
Project("{9A19103F-16F7-4668-BE54-9A1E7A4F7556}") = "Deveel.Webhooks.EntityFramework", "src\Deveel.Webhooks.Service.EntityFramework\Deveel.Webhooks.EntityFramework.csproj", "{4E446714-8685-4C03-8A1C-455902116D11}"
EndProject
Project("{9A19103F-16F7-4668-BE54-9A1E7A4F7556}") = "Deveel.Webhooks.EntityFramework.XUnit", "test\Deveel.Webhooks.EntityFramework.XUnit\Deveel.Webhooks.EntityFramework.XUnit.csproj", "{F846F3B1-6856-4377-AD2A-5575C36DC158}"
EndProject
Project("{9A19103F-16F7-4668-BE54-9A1E7A4F7556}") = "Deveel.Webhooks.Management.Tests", "test\Deveel.Webhooks.Management.Tests\Deveel.Webhooks.Management.Tests.csproj", "{535BB807-E068-42C3-A7CD-CF0B0E5C942E}"
EndProject
Project("{9A19103F-16F7-4668-BE54-9A1E7A4F7556}") = "Deveel.Webhooks.Receiver.SendGrid.XUnit", "test\Deveel.Webhooks.Receiver.SendGrid.XUnit\Deveel.Webhooks.Receiver.SendGrid.XUnit.csproj", "{E669EE13-1CBB-453D-B3B0-5DA3B0B51FE6}"
EndProject
Project("{9A19103F-16F7-4668-BE54-9A1E7A4F7556}") = "Deveel.Webhooks.XUnit", "test\Deveel.Webhooks.XUnit\Deveel.Webhooks.XUnit.csproj", "{EBD3DB50-0E90-47C7-9DD8-FBBAC8696CE1}"
EndProject
Project("{9A19103F-16F7-4668-BE54-9A1E7A4F7556}") = "Deveel.Webhooks.Receiver.TestApi", "test\Deveel.Webhooks.Receiver.TestApi\Deveel.Webhooks.Receiver.TestApi.csproj", "{4942C858-277D-438D-B822-92055B8E8DF7}"
EndProject
Project("{FAE04EC0-301F-11D3-BF4B-00C04F79EFBC}") = "Deveel.Webhooks.DeliveryResultLogging.Tests", "test\Deveel.Webhooks.DeliveryResultLogging.Tests\Deveel.Webhooks.DeliveryResultLogging.Tests.csproj", "{DDD9A4CB-AA5E-4C0B-87F3-CDC24F6A8DA0}"
EndProject
Global
	GlobalSection(SolutionConfigurationPlatforms) = preSolution
		Debug|Any CPU = Debug|Any CPU
		Release|Any CPU = Release|Any CPU
	EndGlobalSection
	GlobalSection(ProjectConfigurationPlatforms) = postSolution
		{9D710920-2A08-466C-94F0-3FD90E752A20}.Debug|Any CPU.ActiveCfg = Debug|Any CPU
		{9D710920-2A08-466C-94F0-3FD90E752A20}.Debug|Any CPU.Build.0 = Debug|Any CPU
		{9D710920-2A08-466C-94F0-3FD90E752A20}.Release|Any CPU.ActiveCfg = Release|Any CPU
		{9D710920-2A08-466C-94F0-3FD90E752A20}.Release|Any CPU.Build.0 = Release|Any CPU
		{6435EBAE-5E0A-446D-B4E4-D75FE89DFC99}.Debug|Any CPU.ActiveCfg = Debug|Any CPU
		{6435EBAE-5E0A-446D-B4E4-D75FE89DFC99}.Debug|Any CPU.Build.0 = Debug|Any CPU
		{6435EBAE-5E0A-446D-B4E4-D75FE89DFC99}.Release|Any CPU.ActiveCfg = Release|Any CPU
		{6435EBAE-5E0A-446D-B4E4-D75FE89DFC99}.Release|Any CPU.Build.0 = Release|Any CPU
		{D2A74CD1-202E-4F64-BAD8-88F37EB3805A}.Debug|Any CPU.ActiveCfg = Debug|Any CPU
		{D2A74CD1-202E-4F64-BAD8-88F37EB3805A}.Debug|Any CPU.Build.0 = Debug|Any CPU
		{D2A74CD1-202E-4F64-BAD8-88F37EB3805A}.Release|Any CPU.ActiveCfg = Release|Any CPU
		{D2A74CD1-202E-4F64-BAD8-88F37EB3805A}.Release|Any CPU.Build.0 = Release|Any CPU
		{9796303D-5EFF-4942-A563-6B53C4FE6904}.Debug|Any CPU.ActiveCfg = Debug|Any CPU
		{9796303D-5EFF-4942-A563-6B53C4FE6904}.Debug|Any CPU.Build.0 = Debug|Any CPU
		{9796303D-5EFF-4942-A563-6B53C4FE6904}.Release|Any CPU.ActiveCfg = Release|Any CPU
		{9796303D-5EFF-4942-A563-6B53C4FE6904}.Release|Any CPU.Build.0 = Release|Any CPU
		{6E1CC992-53F1-4536-96C5-751C8AFBD015}.Debug|Any CPU.ActiveCfg = Debug|Any CPU
		{6E1CC992-53F1-4536-96C5-751C8AFBD015}.Debug|Any CPU.Build.0 = Debug|Any CPU
		{6E1CC992-53F1-4536-96C5-751C8AFBD015}.Release|Any CPU.ActiveCfg = Release|Any CPU
		{6E1CC992-53F1-4536-96C5-751C8AFBD015}.Release|Any CPU.Build.0 = Release|Any CPU
		{69EA8584-6336-4A62-BE73-DE04DC6EE8E1}.Debug|Any CPU.ActiveCfg = Debug|Any CPU
		{69EA8584-6336-4A62-BE73-DE04DC6EE8E1}.Debug|Any CPU.Build.0 = Debug|Any CPU
		{69EA8584-6336-4A62-BE73-DE04DC6EE8E1}.Release|Any CPU.ActiveCfg = Release|Any CPU
		{69EA8584-6336-4A62-BE73-DE04DC6EE8E1}.Release|Any CPU.Build.0 = Release|Any CPU
		{4BC8323C-74F7-407A-8A5A-EA595B5C5585}.Debug|Any CPU.ActiveCfg = Debug|Any CPU
		{4BC8323C-74F7-407A-8A5A-EA595B5C5585}.Debug|Any CPU.Build.0 = Debug|Any CPU
		{4BC8323C-74F7-407A-8A5A-EA595B5C5585}.Release|Any CPU.ActiveCfg = Release|Any CPU
		{4BC8323C-74F7-407A-8A5A-EA595B5C5585}.Release|Any CPU.Build.0 = Release|Any CPU
		{F23E99C7-8228-4AEE-894B-CAA303686239}.Debug|Any CPU.ActiveCfg = Debug|Any CPU
		{F23E99C7-8228-4AEE-894B-CAA303686239}.Debug|Any CPU.Build.0 = Debug|Any CPU
		{F23E99C7-8228-4AEE-894B-CAA303686239}.Release|Any CPU.ActiveCfg = Release|Any CPU
		{F23E99C7-8228-4AEE-894B-CAA303686239}.Release|Any CPU.Build.0 = Release|Any CPU
		{1DCF1C21-75A9-4119-92EE-7B639B6F75A8}.Debug|Any CPU.ActiveCfg = Debug|Any CPU
		{1DCF1C21-75A9-4119-92EE-7B639B6F75A8}.Debug|Any CPU.Build.0 = Debug|Any CPU
		{1DCF1C21-75A9-4119-92EE-7B639B6F75A8}.Release|Any CPU.ActiveCfg = Release|Any CPU
		{1DCF1C21-75A9-4119-92EE-7B639B6F75A8}.Release|Any CPU.Build.0 = Release|Any CPU
		{BFEB625F-8667-44FC-AFD8-0777ED99E0D8}.Debug|Any CPU.ActiveCfg = Debug|Any CPU
		{BFEB625F-8667-44FC-AFD8-0777ED99E0D8}.Debug|Any CPU.Build.0 = Debug|Any CPU
		{BFEB625F-8667-44FC-AFD8-0777ED99E0D8}.Release|Any CPU.ActiveCfg = Release|Any CPU
		{BFEB625F-8667-44FC-AFD8-0777ED99E0D8}.Release|Any CPU.Build.0 = Release|Any CPU
		{6A04D831-545F-4EFA-B1F7-2BD0B0A58DF6}.Debug|Any CPU.ActiveCfg = Debug|Any CPU
		{6A04D831-545F-4EFA-B1F7-2BD0B0A58DF6}.Debug|Any CPU.Build.0 = Debug|Any CPU
		{6A04D831-545F-4EFA-B1F7-2BD0B0A58DF6}.Release|Any CPU.ActiveCfg = Release|Any CPU
		{6A04D831-545F-4EFA-B1F7-2BD0B0A58DF6}.Release|Any CPU.Build.0 = Release|Any CPU
		{6D6057E9-117F-4B13-80E7-4C18B3905AEB}.Debug|Any CPU.ActiveCfg = Debug|Any CPU
		{6D6057E9-117F-4B13-80E7-4C18B3905AEB}.Debug|Any CPU.Build.0 = Debug|Any CPU
		{6D6057E9-117F-4B13-80E7-4C18B3905AEB}.Release|Any CPU.ActiveCfg = Release|Any CPU
		{6D6057E9-117F-4B13-80E7-4C18B3905AEB}.Release|Any CPU.Build.0 = Release|Any CPU
		{D61BAD7A-7B8A-4413-A0D0-8F52EE81A0B0}.Debug|Any CPU.ActiveCfg = Debug|Any CPU
		{D61BAD7A-7B8A-4413-A0D0-8F52EE81A0B0}.Debug|Any CPU.Build.0 = Debug|Any CPU
		{D61BAD7A-7B8A-4413-A0D0-8F52EE81A0B0}.Release|Any CPU.ActiveCfg = Release|Any CPU
		{D61BAD7A-7B8A-4413-A0D0-8F52EE81A0B0}.Release|Any CPU.Build.0 = Release|Any CPU
		{A220DFA9-28DA-434F-AF49-7E237B1DEF30}.Debug|Any CPU.ActiveCfg = Debug|Any CPU
		{A220DFA9-28DA-434F-AF49-7E237B1DEF30}.Debug|Any CPU.Build.0 = Debug|Any CPU
		{A220DFA9-28DA-434F-AF49-7E237B1DEF30}.Release|Any CPU.ActiveCfg = Release|Any CPU
		{A220DFA9-28DA-434F-AF49-7E237B1DEF30}.Release|Any CPU.Build.0 = Release|Any CPU
		{DFAEC929-860E-4DE1-86C7-C91F3CAD0FA6}.Debug|Any CPU.ActiveCfg = Debug|Any CPU
		{DFAEC929-860E-4DE1-86C7-C91F3CAD0FA6}.Debug|Any CPU.Build.0 = Debug|Any CPU
		{DFAEC929-860E-4DE1-86C7-C91F3CAD0FA6}.Release|Any CPU.ActiveCfg = Release|Any CPU
		{DFAEC929-860E-4DE1-86C7-C91F3CAD0FA6}.Release|Any CPU.Build.0 = Release|Any CPU
		{7813C673-82F7-496D-9671-B2654E1A1C9E}.Debug|Any CPU.ActiveCfg = Debug|Any CPU
		{7813C673-82F7-496D-9671-B2654E1A1C9E}.Debug|Any CPU.Build.0 = Debug|Any CPU
		{7813C673-82F7-496D-9671-B2654E1A1C9E}.Release|Any CPU.ActiveCfg = Release|Any CPU
		{7813C673-82F7-496D-9671-B2654E1A1C9E}.Release|Any CPU.Build.0 = Release|Any CPU
		{7F2D88F5-10C8-4523-A629-2187F511C2AF}.Debug|Any CPU.ActiveCfg = Debug|Any CPU
		{7F2D88F5-10C8-4523-A629-2187F511C2AF}.Debug|Any CPU.Build.0 = Debug|Any CPU
		{7F2D88F5-10C8-4523-A629-2187F511C2AF}.Release|Any CPU.ActiveCfg = Release|Any CPU
		{7F2D88F5-10C8-4523-A629-2187F511C2AF}.Release|Any CPU.Build.0 = Release|Any CPU
		{E6C7729D-6E82-410F-B16E-B6E384A97E0D}.Debug|Any CPU.ActiveCfg = Debug|Any CPU
		{E6C7729D-6E82-410F-B16E-B6E384A97E0D}.Debug|Any CPU.Build.0 = Debug|Any CPU
		{E6C7729D-6E82-410F-B16E-B6E384A97E0D}.Release|Any CPU.ActiveCfg = Release|Any CPU
		{E6C7729D-6E82-410F-B16E-B6E384A97E0D}.Release|Any CPU.Build.0 = Release|Any CPU
		{4873EAA6-19AC-4DD2-BA37-DEF99E2FB4AE}.Debug|Any CPU.ActiveCfg = Debug|Any CPU
		{4873EAA6-19AC-4DD2-BA37-DEF99E2FB4AE}.Debug|Any CPU.Build.0 = Debug|Any CPU
		{4873EAA6-19AC-4DD2-BA37-DEF99E2FB4AE}.Release|Any CPU.ActiveCfg = Release|Any CPU
		{4873EAA6-19AC-4DD2-BA37-DEF99E2FB4AE}.Release|Any CPU.Build.0 = Release|Any CPU
		{77C65E02-B3B4-4665-B31C-83DAB437BAC7}.Debug|Any CPU.ActiveCfg = Debug|Any CPU
		{77C65E02-B3B4-4665-B31C-83DAB437BAC7}.Debug|Any CPU.Build.0 = Debug|Any CPU
		{77C65E02-B3B4-4665-B31C-83DAB437BAC7}.Release|Any CPU.ActiveCfg = Release|Any CPU
		{77C65E02-B3B4-4665-B31C-83DAB437BAC7}.Release|Any CPU.Build.0 = Release|Any CPU
		{93064573-8270-469B-8592-4485845C8BCB}.Debug|Any CPU.ActiveCfg = Debug|Any CPU
		{93064573-8270-469B-8592-4485845C8BCB}.Debug|Any CPU.Build.0 = Debug|Any CPU
		{93064573-8270-469B-8592-4485845C8BCB}.Release|Any CPU.ActiveCfg = Release|Any CPU
		{93064573-8270-469B-8592-4485845C8BCB}.Release|Any CPU.Build.0 = Release|Any CPU
		{416B6496-0170-45CB-99A6-9AE2BA3D7FDC}.Debug|Any CPU.ActiveCfg = Debug|Any CPU
		{416B6496-0170-45CB-99A6-9AE2BA3D7FDC}.Debug|Any CPU.Build.0 = Debug|Any CPU
		{416B6496-0170-45CB-99A6-9AE2BA3D7FDC}.Release|Any CPU.ActiveCfg = Release|Any CPU
		{416B6496-0170-45CB-99A6-9AE2BA3D7FDC}.Release|Any CPU.Build.0 = Release|Any CPU
		{1ABBB6ED-17CC-49BF-A50F-F13E137029A5}.Debug|Any CPU.ActiveCfg = Debug|Any CPU
		{1ABBB6ED-17CC-49BF-A50F-F13E137029A5}.Debug|Any CPU.Build.0 = Debug|Any CPU
		{1ABBB6ED-17CC-49BF-A50F-F13E137029A5}.Release|Any CPU.ActiveCfg = Release|Any CPU
		{1ABBB6ED-17CC-49BF-A50F-F13E137029A5}.Release|Any CPU.Build.0 = Release|Any CPU
		{47DFE1D1-57F0-4EFC-A9AC-9C12A791AEB7}.Debug|Any CPU.ActiveCfg = Debug|Any CPU
		{47DFE1D1-57F0-4EFC-A9AC-9C12A791AEB7}.Debug|Any CPU.Build.0 = Debug|Any CPU
		{47DFE1D1-57F0-4EFC-A9AC-9C12A791AEB7}.Release|Any CPU.ActiveCfg = Release|Any CPU
		{47DFE1D1-57F0-4EFC-A9AC-9C12A791AEB7}.Release|Any CPU.Build.0 = Release|Any CPU
		{4E446714-8685-4C03-8A1C-455902116D11}.Debug|Any CPU.ActiveCfg = Debug|Any CPU
		{4E446714-8685-4C03-8A1C-455902116D11}.Debug|Any CPU.Build.0 = Debug|Any CPU
		{4E446714-8685-4C03-8A1C-455902116D11}.Release|Any CPU.ActiveCfg = Release|Any CPU
		{4E446714-8685-4C03-8A1C-455902116D11}.Release|Any CPU.Build.0 = Release|Any CPU
		{F846F3B1-6856-4377-AD2A-5575C36DC158}.Debug|Any CPU.ActiveCfg = Debug|Any CPU
		{F846F3B1-6856-4377-AD2A-5575C36DC158}.Debug|Any CPU.Build.0 = Debug|Any CPU
		{F846F3B1-6856-4377-AD2A-5575C36DC158}.Release|Any CPU.ActiveCfg = Release|Any CPU
		{F846F3B1-6856-4377-AD2A-5575C36DC158}.Release|Any CPU.Build.0 = Release|Any CPU
		{535BB807-E068-42C3-A7CD-CF0B0E5C942E}.Debug|Any CPU.ActiveCfg = Debug|Any CPU
		{535BB807-E068-42C3-A7CD-CF0B0E5C942E}.Debug|Any CPU.Build.0 = Debug|Any CPU
		{535BB807-E068-42C3-A7CD-CF0B0E5C942E}.Release|Any CPU.ActiveCfg = Release|Any CPU
		{535BB807-E068-42C3-A7CD-CF0B0E5C942E}.Release|Any CPU.Build.0 = Release|Any CPU
		{E669EE13-1CBB-453D-B3B0-5DA3B0B51FE6}.Debug|Any CPU.ActiveCfg = Debug|Any CPU
		{E669EE13-1CBB-453D-B3B0-5DA3B0B51FE6}.Debug|Any CPU.Build.0 = Debug|Any CPU
		{E669EE13-1CBB-453D-B3B0-5DA3B0B51FE6}.Release|Any CPU.ActiveCfg = Release|Any CPU
		{E669EE13-1CBB-453D-B3B0-5DA3B0B51FE6}.Release|Any CPU.Build.0 = Release|Any CPU
		{EBD3DB50-0E90-47C7-9DD8-FBBAC8696CE1}.Debug|Any CPU.ActiveCfg = Debug|Any CPU
		{EBD3DB50-0E90-47C7-9DD8-FBBAC8696CE1}.Debug|Any CPU.Build.0 = Debug|Any CPU
		{EBD3DB50-0E90-47C7-9DD8-FBBAC8696CE1}.Release|Any CPU.ActiveCfg = Release|Any CPU
		{EBD3DB50-0E90-47C7-9DD8-FBBAC8696CE1}.Release|Any CPU.Build.0 = Release|Any CPU
		{4942C858-277D-438D-B822-92055B8E8DF7}.Debug|Any CPU.ActiveCfg = Debug|Any CPU
		{4942C858-277D-438D-B822-92055B8E8DF7}.Debug|Any CPU.Build.0 = Debug|Any CPU
		{4942C858-277D-438D-B822-92055B8E8DF7}.Release|Any CPU.ActiveCfg = Release|Any CPU
		{4942C858-277D-438D-B822-92055B8E8DF7}.Release|Any CPU.Build.0 = Release|Any CPU
		{DDD9A4CB-AA5E-4C0B-87F3-CDC24F6A8DA0}.Debug|Any CPU.ActiveCfg = Debug|Any CPU
		{DDD9A4CB-AA5E-4C0B-87F3-CDC24F6A8DA0}.Debug|Any CPU.Build.0 = Debug|Any CPU
		{DDD9A4CB-AA5E-4C0B-87F3-CDC24F6A8DA0}.Release|Any CPU.ActiveCfg = Release|Any CPU
		{DDD9A4CB-AA5E-4C0B-87F3-CDC24F6A8DA0}.Release|Any CPU.Build.0 = Release|Any CPU
	EndGlobalSection
	GlobalSection(SolutionProperties) = preSolution
		HideSolutionNode = FALSE
	EndGlobalSection
	GlobalSection(NestedProjects) = preSolution
		{9D710920-2A08-466C-94F0-3FD90E752A20} = {57F6404B-1FCC-473F-A189-ABC9D640CC0E}
		{6435EBAE-5E0A-446D-B4E4-D75FE89DFC99} = {57F6404B-1FCC-473F-A189-ABC9D640CC0E}
		{D2A74CD1-202E-4F64-BAD8-88F37EB3805A} = {57F6404B-1FCC-473F-A189-ABC9D640CC0E}
		{9796303D-5EFF-4942-A563-6B53C4FE6904} = {57F6404B-1FCC-473F-A189-ABC9D640CC0E}
		{6E1CC992-53F1-4536-96C5-751C8AFBD015} = {57F6404B-1FCC-473F-A189-ABC9D640CC0E}
		{69EA8584-6336-4A62-BE73-DE04DC6EE8E1} = {57F6404B-1FCC-473F-A189-ABC9D640CC0E}
		{4BC8323C-74F7-407A-8A5A-EA595B5C5585} = {07F23FF6-2FE1-4072-BF37-9238E3750AA1}
		{F23E99C7-8228-4AEE-894B-CAA303686239} = {57F6404B-1FCC-473F-A189-ABC9D640CC0E}
		{1DCF1C21-75A9-4119-92EE-7B639B6F75A8} = {57F6404B-1FCC-473F-A189-ABC9D640CC0E}
		{BFEB625F-8667-44FC-AFD8-0777ED99E0D8} = {07F23FF6-2FE1-4072-BF37-9238E3750AA1}
		{6A04D831-545F-4EFA-B1F7-2BD0B0A58DF6} = {57F6404B-1FCC-473F-A189-ABC9D640CC0E}
		{6D6057E9-117F-4B13-80E7-4C18B3905AEB} = {57F6404B-1FCC-473F-A189-ABC9D640CC0E}
		{D61BAD7A-7B8A-4413-A0D0-8F52EE81A0B0} = {07F23FF6-2FE1-4072-BF37-9238E3750AA1}
		{A220DFA9-28DA-434F-AF49-7E237B1DEF30} = {07F23FF6-2FE1-4072-BF37-9238E3750AA1}
		{DFAEC929-860E-4DE1-86C7-C91F3CAD0FA6} = {65A317B9-C8E2-4055-96A0-E6195881BD95}
		{7813C673-82F7-496D-9671-B2654E1A1C9E} = {65A317B9-C8E2-4055-96A0-E6195881BD95}
		{7F2D88F5-10C8-4523-A629-2187F511C2AF} = {65A317B9-C8E2-4055-96A0-E6195881BD95}
		{E6C7729D-6E82-410F-B16E-B6E384A97E0D} = {07F23FF6-2FE1-4072-BF37-9238E3750AA1}
		{4873EAA6-19AC-4DD2-BA37-DEF99E2FB4AE} = {57F6404B-1FCC-473F-A189-ABC9D640CC0E}
		{77C65E02-B3B4-4665-B31C-83DAB437BAC7} = {07F23FF6-2FE1-4072-BF37-9238E3750AA1}
		{93064573-8270-469B-8592-4485845C8BCB} = {57F6404B-1FCC-473F-A189-ABC9D640CC0E}
		{416B6496-0170-45CB-99A6-9AE2BA3D7FDC} = {07F23FF6-2FE1-4072-BF37-9238E3750AA1}
		{1ABBB6ED-17CC-49BF-A50F-F13E137029A5} = {57F6404B-1FCC-473F-A189-ABC9D640CC0E}
		{47DFE1D1-57F0-4EFC-A9AC-9C12A791AEB7} = {07F23FF6-2FE1-4072-BF37-9238E3750AA1}
		{4E446714-8685-4C03-8A1C-455902116D11} = {57F6404B-1FCC-473F-A189-ABC9D640CC0E}
		{F846F3B1-6856-4377-AD2A-5575C36DC158} = {07F23FF6-2FE1-4072-BF37-9238E3750AA1}
		{535BB807-E068-42C3-A7CD-CF0B0E5C942E} = {07F23FF6-2FE1-4072-BF37-9238E3750AA1}
		{E669EE13-1CBB-453D-B3B0-5DA3B0B51FE6} = {07F23FF6-2FE1-4072-BF37-9238E3750AA1}
		{EBD3DB50-0E90-47C7-9DD8-FBBAC8696CE1} = {07F23FF6-2FE1-4072-BF37-9238E3750AA1}
		{4942C858-277D-438D-B822-92055B8E8DF7} = {07F23FF6-2FE1-4072-BF37-9238E3750AA1}
		{DDD9A4CB-AA5E-4C0B-87F3-CDC24F6A8DA0} = {07F23FF6-2FE1-4072-BF37-9238E3750AA1}
	EndGlobalSection
	GlobalSection(ExtensibilityGlobals) = postSolution
		SolutionGuid = {E682A9F5-43D7-4D4C-82EA-953545B8F4DE}
	EndGlobalSection
EndGlobal
